
Microsoft Visual Studio Solution File, Format Version 12.00
# Visual Studio 14
VisualStudioVersion = 14.0.25420.1
MinimumVisualStudioVersion = 10.0.40219.1
Project("{FAE04EC0-301F-11D3-BF4B-00C04F79EFBC}") = "Tutorial - 74 - Project 1 Email Sender, pt 1", "Tutorial - 74 - Project 1 Email Sender, pt 1\Tutorial - 74 - Project 1 Email Sender, pt 1.csproj", "{FC2D7CEB-5362-43F1-9BD1-5428EE25B05A}"
EndProject
Global
	GlobalSection(SolutionConfigurationPlatforms) = preSolution
		Debug|Any CPU = Debug|Any CPU
		Release|Any CPU = Release|Any CPU
	EndGlobalSection
	GlobalSection(ProjectConfigurationPlatforms) = postSolution
		{FC2D7CEB-5362-43F1-9BD1-5428EE25B05A}.Debug|Any CPU.ActiveCfg = Debug|Any CPU
		{FC2D7CEB-5362-43F1-9BD1-5428EE25B05A}.Debug|Any CPU.Build.0 = Debug|Any CPU
		{FC2D7CEB-5362-43F1-9BD1-5428EE25B05A}.Release|Any CPU.ActiveCfg = Release|Any CPU
		{FC2D7CEB-5362-43F1-9BD1-5428EE25B05A}.Release|Any CPU.Build.0 = Release|Any CPU
	EndGlobalSection
	GlobalSection(SolutionProperties) = preSolution
		HideSolutionNode = FALSE
	EndGlobalSection
EndGlobal
