
Microsoft Visual Studio Solution File, Format Version 12.00
# Visual Studio Version 16
VisualStudioVersion = 16.0.29911.84
MinimumVisualStudioVersion = 10.0.40219.1
Project("{FAE04EC0-301F-11D3-BF4B-00C04F79EFBC}") = "App1.Android", "App1\App1.Android\App1.Android.csproj", "{3ED5A679-1E01-4B4E-97AB-B7AEEC0A82BC}"
EndProject
Project("{FAE04EC0-301F-11D3-BF4B-00C04F79EFBC}") = "App1.iOS", "App1\App1.iOS\App1.iOS.csproj", "{6A494060-FCAE-4417-B8F5-1667005C4422}"
EndProject
Project("{FAE04EC0-301F-11D3-BF4B-00C04F79EFBC}") = "App1", "App1\App1\App1.csproj", "{68AD9AEC-C35F-477A-BBF1-5F19D27BA507}"
EndProject
Global
	GlobalSection(SolutionConfigurationPlatforms) = preSolution
		Debug|Any CPU = Debug|Any CPU
		Debug|iPhone = Debug|iPhone
		Debug|iPhoneSimulator = Debug|iPhoneSimulator
		Release|Any CPU = Release|Any CPU
		Release|iPhone = Release|iPhone
		Release|iPhoneSimulator = Release|iPhoneSimulator
	EndGlobalSection
	GlobalSection(ProjectConfigurationPlatforms) = postSolution
		{3ED5A679-1E01-4B4E-97AB-B7AEEC0A82BC}.Debug|Any CPU.ActiveCfg = Debug|Any CPU
		{3ED5A679-1E01-4B4E-97AB-B7AEEC0A82BC}.Debug|Any CPU.Build.0 = Debug|Any CPU
		{3ED5A679-1E01-4B4E-97AB-B7AEEC0A82BC}.Debug|Any CPU.Deploy.0 = Debug|Any CPU
		{3ED5A679-1E01-4B4E-97AB-B7AEEC0A82BC}.Debug|iPhone.ActiveCfg = Debug|Any CPU
		{3ED5A679-1E01-4B4E-97AB-B7AEEC0A82BC}.Debug|iPhone.Build.0 = Debug|Any CPU
		{3ED5A679-1E01-4B4E-97AB-B7AEEC0A82BC}.Debug|iPhone.Deploy.0 = Debug|Any CPU
		{3ED5A679-1E01-4B4E-97AB-B7AEEC0A82BC}.Debug|iPhoneSimulator.ActiveCfg = Debug|Any CPU
		{3ED5A679-1E01-4B4E-97AB-B7AEEC0A82BC}.Debug|iPhoneSimulator.Build.0 = Debug|Any CPU
		{3ED5A679-1E01-4B4E-97AB-B7AEEC0A82BC}.Debug|iPhoneSimulator.Deploy.0 = Debug|Any CPU
		{3ED5A679-1E01-4B4E-97AB-B7AEEC0A82BC}.Release|Any CPU.ActiveCfg = Release|Any CPU
		{3ED5A679-1E01-4B4E-97AB-B7AEEC0A82BC}.Release|Any CPU.Build.0 = Release|Any CPU
		{3ED5A679-1E01-4B4E-97AB-B7AEEC0A82BC}.Release|Any CPU.Deploy.0 = Release|Any CPU
		{3ED5A679-1E01-4B4E-97AB-B7AEEC0A82BC}.Release|iPhone.ActiveCfg = Release|Any CPU
		{3ED5A679-1E01-4B4E-97AB-B7AEEC0A82BC}.Release|iPhone.Build.0 = Release|Any CPU
		{3ED5A679-1E01-4B4E-97AB-B7AEEC0A82BC}.Release|iPhone.Deploy.0 = Release|Any CPU
		{3ED5A679-1E01-4B4E-97AB-B7AEEC0A82BC}.Release|iPhoneSimulator.ActiveCfg = Release|Any CPU
		{3ED5A679-1E01-4B4E-97AB-B7AEEC0A82BC}.Release|iPhoneSimulator.Build.0 = Release|Any CPU
		{3ED5A679-1E01-4B4E-97AB-B7AEEC0A82BC}.Release|iPhoneSimulator.Deploy.0 = Release|Any CPU
		{6A494060-FCAE-4417-B8F5-1667005C4422}.Debug|Any CPU.ActiveCfg = Debug|iPhone
		{6A494060-FCAE-4417-B8F5-1667005C4422}.Debug|Any CPU.Build.0 = Debug|iPhone
		{6A494060-FCAE-4417-B8F5-1667005C4422}.Debug|Any CPU.Deploy.0 = Debug|iPhone
		{6A494060-FCAE-4417-B8F5-1667005C4422}.Debug|iPhone.ActiveCfg = Debug|iPhone
		{6A494060-FCAE-4417-B8F5-1667005C4422}.Debug|iPhone.Build.0 = Debug|iPhone
		{6A494060-FCAE-4417-B8F5-1667005C4422}.Debug|iPhone.Deploy.0 = Debug|iPhone
		{6A494060-FCAE-4417-B8F5-1667005C4422}.Debug|iPhoneSimulator.ActiveCfg = Debug|iPhoneSimulator
		{6A494060-FCAE-4417-B8F5-1667005C4422}.Debug|iPhoneSimulator.Build.0 = Debug|iPhoneSimulator
		{6A494060-FCAE-4417-B8F5-1667005C4422}.Debug|iPhoneSimulator.Deploy.0 = Debug|iPhoneSimulator
		{6A494060-FCAE-4417-B8F5-1667005C4422}.Release|Any CPU.ActiveCfg = Release|iPhone
		{6A494060-FCAE-4417-B8F5-1667005C4422}.Release|Any CPU.Build.0 = Release|iPhone
		{6A494060-FCAE-4417-B8F5-1667005C4422}.Release|Any CPU.Deploy.0 = Release|iPhone
		{6A494060-FCAE-4417-B8F5-1667005C4422}.Release|iPhone.ActiveCfg = Release|iPhone
		{6A494060-FCAE-4417-B8F5-1667005C4422}.Release|iPhone.Build.0 = Release|iPhone
		{6A494060-FCAE-4417-B8F5-1667005C4422}.Release|iPhone.Deploy.0 = Release|iPhone
		{6A494060-FCAE-4417-B8F5-1667005C4422}.Release|iPhoneSimulator.ActiveCfg = Release|iPhoneSimulator
		{6A494060-FCAE-4417-B8F5-1667005C4422}.Release|iPhoneSimulator.Build.0 = Release|iPhoneSimulator
		{6A494060-FCAE-4417-B8F5-1667005C4422}.Release|iPhoneSimulator.Deploy.0 = Release|iPhoneSimulator
		{68AD9AEC-C35F-477A-BBF1-5F19D27BA507}.Debug|Any CPU.ActiveCfg = Debug|Any CPU
		{68AD9AEC-C35F-477A-BBF1-5F19D27BA507}.Debug|Any CPU.Build.0 = Debug|Any CPU
		{68AD9AEC-C35F-477A-BBF1-5F19D27BA507}.Debug|Any CPU.Deploy.0 = Debug|Any CPU
		{68AD9AEC-C35F-477A-BBF1-5F19D27BA507}.Debug|iPhone.ActiveCfg = Debug|Any CPU
		{68AD9AEC-C35F-477A-BBF1-5F19D27BA507}.Debug|iPhone.Build.0 = Debug|Any CPU
		{68AD9AEC-C35F-477A-BBF1-5F19D27BA507}.Debug|iPhone.Deploy.0 = Debug|Any CPU
		{68AD9AEC-C35F-477A-BBF1-5F19D27BA507}.Debug|iPhoneSimulator.ActiveCfg = Debug|Any CPU
		{68AD9AEC-C35F-477A-BBF1-5F19D27BA507}.Debug|iPhoneSimulator.Build.0 = Debug|Any CPU
		{68AD9AEC-C35F-477A-BBF1-5F19D27BA507}.Debug|iPhoneSimulator.Deploy.0 = Debug|Any CPU
		{68AD9AEC-C35F-477A-BBF1-5F19D27BA507}.Release|Any CPU.ActiveCfg = Release|Any CPU
		{68AD9AEC-C35F-477A-BBF1-5F19D27BA507}.Release|Any CPU.Build.0 = Release|Any CPU
		{68AD9AEC-C35F-477A-BBF1-5F19D27BA507}.Release|Any CPU.Deploy.0 = Release|Any CPU
		{68AD9AEC-C35F-477A-BBF1-5F19D27BA507}.Release|iPhone.ActiveCfg = Release|Any CPU
		{68AD9AEC-C35F-477A-BBF1-5F19D27BA507}.Release|iPhone.Build.0 = Release|Any CPU
		{68AD9AEC-C35F-477A-BBF1-5F19D27BA507}.Release|iPhone.Deploy.0 = Release|Any CPU
		{68AD9AEC-C35F-477A-BBF1-5F19D27BA507}.Release|iPhoneSimulator.ActiveCfg = Release|Any CPU
		{68AD9AEC-C35F-477A-BBF1-5F19D27BA507}.Release|iPhoneSimulator.Build.0 = Release|Any CPU
		{68AD9AEC-C35F-477A-BBF1-5F19D27BA507}.Release|iPhoneSimulator.Deploy.0 = Release|Any CPU
	EndGlobalSection
	GlobalSection(SolutionProperties) = preSolution
		HideSolutionNode = FALSE
	EndGlobalSection
	GlobalSection(ExtensibilityGlobals) = postSolution
		SolutionGuid = {926F7003-B63C-4428-9D78-230C0E60EE06}
	EndGlobalSection
EndGlobal
