
Microsoft Visual Studio Solution File, Format Version 12.00
# Visual Studio 14
VisualStudioVersion = 14.0.23107.0
MinimumVisualStudioVersion = 10.0.40219.1
Project("{FAE04EC0-301F-11D3-BF4B-00C04F79EFBC}") = "Tutorial - 16 - Methods pt 1", "Tutorial - 16 - Methods pt 1\Tutorial - 16 - Methods pt 1.csproj", "{AB2011C5-85AF-498F-800A-B2900009910A}"
EndProject
Global
	GlobalSection(SolutionConfigurationPlatforms) = preSolution
		Debug|Any CPU = Debug|Any CPU
		Release|Any CPU = Release|Any CPU
	EndGlobalSection
	GlobalSection(ProjectConfigurationPlatforms) = postSolution
		{AB2011C5-85AF-498F-800A-B2900009910A}.Debug|Any CPU.ActiveCfg = Debug|Any CPU
		{AB2011C5-85AF-498F-800A-B2900009910A}.Debug|Any CPU.Build.0 = Debug|Any CPU
		{AB2011C5-85AF-498F-800A-B2900009910A}.Release|Any CPU.ActiveCfg = Release|Any CPU
		{AB2011C5-85AF-498F-800A-B2900009910A}.Release|Any CPU.Build.0 = Release|Any CPU
	EndGlobalSection
	GlobalSection(SolutionProperties) = preSolution
		HideSolutionNode = FALSE
	EndGlobalSection
EndGlobal
