
Microsoft Visual Studio Solution File, Format Version 12.00
# Visual Studio 14
VisualStudioVersion = 14.0.25420.1
MinimumVisualStudioVersion = 10.0.40219.1
Project("{FAE04EC0-301F-11D3-BF4B-00C04F79EFBC}") = "Tutorial - 49 - Substrings", "Tutorial - 49 - Substrings\Tutorial - 49 - Substrings.csproj", "{495E8DAD-E6A1-40F9-9289-56428C81F4BD}"
EndProject
Global
	GlobalSection(SolutionConfigurationPlatforms) = preSolution
		Debug|Any CPU = Debug|Any CPU
		Release|Any CPU = Release|Any CPU
	EndGlobalSection
	GlobalSection(ProjectConfigurationPlatforms) = postSolution
		{495E8DAD-E6A1-40F9-9289-56428C81F4BD}.Debug|Any CPU.ActiveCfg = Debug|Any CPU
		{495E8DAD-E6A1-40F9-9289-56428C81F4BD}.Debug|Any CPU.Build.0 = Debug|Any CPU
		{495E8DAD-E6A1-40F9-9289-56428C81F4BD}.Release|Any CPU.ActiveCfg = Release|Any CPU
		{495E8DAD-E6A1-40F9-9289-56428C81F4BD}.Release|Any CPU.Build.0 = Release|Any CPU
	EndGlobalSection
	GlobalSection(SolutionProperties) = preSolution
		HideSolutionNode = FALSE
	EndGlobalSection
EndGlobal
