
Microsoft Visual Studio Solution File, Format Version 12.00
# Visual Studio 14
VisualStudioVersion = 14.0.25420.1
MinimumVisualStudioVersion = 10.0.40219.1
Project("{FAE04EC0-301F-11D3-BF4B-00C04F79EFBC}") = "Tutorial - 177 - Zipping Files and Folders", "Tutorial - 177 - Zipping Files and Folders\Tutorial - 177 - Zipping Files and Folders.csproj", "{2D3607B7-2A5B-4CB5-A710-F3C3DC16EF18}"
EndProject
Global
	GlobalSection(SolutionConfigurationPlatforms) = preSolution
		Debug|Any CPU = Debug|Any CPU
		Release|Any CPU = Release|Any CPU
	EndGlobalSection
	GlobalSection(ProjectConfigurationPlatforms) = postSolution
		{2D3607B7-2A5B-4CB5-A710-F3C3DC16EF18}.Debug|Any CPU.ActiveCfg = Debug|Any CPU
		{2D3607B7-2A5B-4CB5-A710-F3C3DC16EF18}.Debug|Any CPU.Build.0 = Debug|Any CPU
		{2D3607B7-2A5B-4CB5-A710-F3C3DC16EF18}.Release|Any CPU.ActiveCfg = Release|Any CPU
		{2D3607B7-2A5B-4CB5-A710-F3C3DC16EF18}.Release|Any CPU.Build.0 = Release|Any CPU
	EndGlobalSection
	GlobalSection(SolutionProperties) = preSolution
		HideSolutionNode = FALSE
	EndGlobalSection
EndGlobal
