
Microsoft Visual Studio Solution File, Format Version 12.00
# Visual Studio 14
VisualStudioVersion = 14.0.25420.1
MinimumVisualStudioVersion = 10.0.40219.1
Project("{FAE04EC0-301F-11D3-BF4B-00C04F79EFBC}") = "Tutorial - 65 - Null Coalesce Operator", "Tutorial - 65 - Null Coalesce Operator\Tutorial - 65 - Null Coalesce Operator.csproj", "{6DDFE169-F58C-482F-B0B4-5A95396F3B44}"
EndProject
Global
	GlobalSection(SolutionConfigurationPlatforms) = preSolution
		Debug|Any CPU = Debug|Any CPU
		Release|Any CPU = Release|Any CPU
	EndGlobalSection
	GlobalSection(ProjectConfigurationPlatforms) = postSolution
		{6DDFE169-F58C-482F-B0B4-5A95396F3B44}.Debug|Any CPU.ActiveCfg = Debug|Any CPU
		{6DDFE169-F58C-482F-B0B4-5A95396F3B44}.Debug|Any CPU.Build.0 = Debug|Any CPU
		{6DDFE169-F58C-482F-B0B4-5A95396F3B44}.Release|Any CPU.ActiveCfg = Release|Any CPU
		{6DDFE169-F58C-482F-B0B4-5A95396F3B44}.Release|Any CPU.Build.0 = Release|Any CPU
	EndGlobalSection
	GlobalSection(SolutionProperties) = preSolution
		HideSolutionNode = FALSE
	EndGlobalSection
EndGlobal
