
Microsoft Visual Studio Solution File, Format Version 12.00
# Visual Studio 14
VisualStudioVersion = 14.0.25420.1
MinimumVisualStudioVersion = 10.0.40219.1
Project("{FAE04EC0-301F-11D3-BF4B-00C04F79EFBC}") = "Tutorial - 30 - Abstract", "Tutorial - 30 - Abstract\Tutorial - 30 - Abstract.csproj", "{19C7D3F4-D043-41DE-8B25-8FDD28C0A079}"
EndProject
Global
	GlobalSection(SolutionConfigurationPlatforms) = preSolution
		Debug|Any CPU = Debug|Any CPU
		Release|Any CPU = Release|Any CPU
	EndGlobalSection
	GlobalSection(ProjectConfigurationPlatforms) = postSolution
		{19C7D3F4-D043-41DE-8B25-8FDD28C0A079}.Debug|Any CPU.ActiveCfg = Debug|Any CPU
		{19C7D3F4-D043-41DE-8B25-8FDD28C0A079}.Debug|Any CPU.Build.0 = Debug|Any CPU
		{19C7D3F4-D043-41DE-8B25-8FDD28C0A079}.Release|Any CPU.ActiveCfg = Release|Any CPU
		{19C7D3F4-D043-41DE-8B25-8FDD28C0A079}.Release|Any CPU.Build.0 = Release|Any CPU
	EndGlobalSection
	GlobalSection(SolutionProperties) = preSolution
		HideSolutionNode = FALSE
	EndGlobalSection
EndGlobal
